github.com/Rameshsachin/Test v0.0.0-20211121143128-b8df1054f27b h1:lgEPB2uqQecgmcAWo4tJNmP5P6/UbFV+EtZN0l9NQ3g=
github.com/Rameshsachin/Test v0.0.0-20211121143128-b8df1054f27b/go.mod h1:OxX84Hv8hfvX9Tg7LhiSIKWrUWjfE+y0BwhU/BW/KOI=
github.com/Rameshsachin/Test v0.0.0-20211121144736-538f07a65556 h1:x/Ye7ZDF4rmkRcAyRywkAZeFlrYVsXA1fDW9SxHs1W4=
github.com/Rameshsachin/Test v0.0.0-20211121144736-538f07a65556/go.mod h1:OxX84Hv8hfvX9Tg7LhiSIKWrUWjfE+y0BwhU/BW/KOI=
